
Microsoft Visual Studio Solution File, Format Version 12.00
# Visual Studio Version 16
VisualStudioVersion = 16.0.31624.102
MinimumVisualStudioVersion = 10.0.40219.1
Project("{FAE04EC0-301F-11D3-BF4B-00C04F79EFBC}") = "ProperShotguns", "ProperShotguns\ProperShotguns.csproj", "{A3958D82-6FEF-471D-BA60-D73AB32D786E}"
EndProject
Project("{2150E333-8FDC-42A3-9474-1A3956D46DE8}") = "Solution Items", "Solution Items", "{3A197793-9282-4CEC-B574-17D9327234CC}"
	ProjectSection(SolutionItems) = preProject
		ProperShotguns\Properties\.gitignore = ProperShotguns\Properties\.gitignore
	EndProjectSection
EndProject
Global
	GlobalSection(SolutionConfigurationPlatforms) = preSolution
		Debug|Any CPU = Debug|Any CPU
		Release|Any CPU = Release|Any CPU
	EndGlobalSection
	GlobalSection(ProjectConfigurationPlatforms) = postSolution
		{A3958D82-6FEF-471D-BA60-D73AB32D786E}.Debug|Any CPU.ActiveCfg = Debug|Any CPU
		{A3958D82-6FEF-471D-BA60-D73AB32D786E}.Debug|Any CPU.Build.0 = Debug|Any CPU
		{A3958D82-6FEF-471D-BA60-D73AB32D786E}.Release|Any CPU.ActiveCfg = Release|Any CPU
		{A3958D82-6FEF-471D-BA60-D73AB32D786E}.Release|Any CPU.Build.0 = Release|Any CPU
	EndGlobalSection
	GlobalSection(SolutionProperties) = preSolution
		HideSolutionNode = FALSE
	EndGlobalSection
	GlobalSection(ExtensibilityGlobals) = postSolution
		SolutionGuid = {F31E71F8-1C74-4C12-8E7D-D53B40D6A44B}
	EndGlobalSection
EndGlobal
